
Microsoft Visual Studio Solution File, Format Version 12.00
# Visual Studio Version 16
VisualStudioVersion = 16.0.31129.286
MinimumVisualStudioVersion = 10.0.40219.1
Project("{FAE04EC0-301F-11D3-BF4B-00C04F79EFBC}") = "Calculadora", "Calculadora\Calculadora.csproj", "{AE4155F3-A23A-4496-8046-D78687F013B1}"
EndProject
Global
	GlobalSection(SolutionConfigurationPlatforms) = preSolution
		Debug|Any CPU = Debug|Any CPU
		Release|Any CPU = Release|Any CPU
	EndGlobalSection
	GlobalSection(ProjectConfigurationPlatforms) = postSolution
		{AE4155F3-A23A-4496-8046-D78687F013B1}.Debug|Any CPU.ActiveCfg = Debug|Any CPU
		{AE4155F3-A23A-4496-8046-D78687F013B1}.Debug|Any CPU.Build.0 = Debug|Any CPU
		{AE4155F3-A23A-4496-8046-D78687F013B1}.Release|Any CPU.ActiveCfg = Release|Any CPU
		{AE4155F3-A23A-4496-8046-D78687F013B1}.Release|Any CPU.Build.0 = Release|Any CPU
	EndGlobalSection
	GlobalSection(SolutionProperties) = preSolution
		HideSolutionNode = FALSE
	EndGlobalSection
	GlobalSection(ExtensibilityGlobals) = postSolution
		SolutionGuid = {2406D2A4-B5F5-4A31-B609-FA0FFC7E61FE}
	EndGlobalSection
EndGlobal
